
Microsoft Visual Studio Solution File, Format Version 12.00
# Visual Studio Version 17
VisualStudioVersion = 17.6.33801.468
MinimumVisualStudioVersion = 10.0.40219.1
Project("{9A19103F-16F7-4668-BE54-9A1E7A4F7556}") = "SE Sidekick", "SE Sidekick.csproj", "{B1D7D66D-6D23-4202-A4D4-8F86CA98DC14}"
EndProject
Global
	GlobalSection(SolutionConfigurationPlatforms) = preSolution
		Debug|x64 = Debug|x64
		Release|x64 = Release|x64
	EndGlobalSection
	GlobalSection(ProjectConfigurationPlatforms) = postSolution
		{B1D7D66D-6D23-4202-A4D4-8F86CA98DC14}.Debug|x64.ActiveCfg = Debug|x64
		{B1D7D66D-6D23-4202-A4D4-8F86CA98DC14}.Debug|x64.Build.0 = Debug|x64
		{B1D7D66D-6D23-4202-A4D4-8F86CA98DC14}.Release|x64.ActiveCfg = Release|x64
		{B1D7D66D-6D23-4202-A4D4-8F86CA98DC14}.Release|x64.Build.0 = Release|x64
	EndGlobalSection
	GlobalSection(SolutionProperties) = preSolution
		HideSolutionNode = FALSE
	EndGlobalSection
	GlobalSection(ExtensibilityGlobals) = postSolution
		SolutionGuid = {A07826DD-6662-4176-8850-FB3D6EDCE1E2}
	EndGlobalSection
EndGlobal
